
Microsoft Visual Studio Solution File, Format Version 12.00
# Visual Studio Version 16
VisualStudioVersion = 16.0.29230.47
MinimumVisualStudioVersion = 10.0.40219.1
Project("{9A19103F-16F7-4668-BE54-9A1E7A4F7556}") = "xplat-vui", "xplat-vui\xplat-vui.csproj", "{0207E092-AD55-4F96-B8BF-D456416038D5}"
EndProject
Project("{FAE04EC0-301F-11D3-BF4B-00C04F79EFBC}") = "x-plat-vui-sample", "x-plat-vui-sample\x-plat-vui-sample.csproj", "{1A7BAB10-27FD-4320-B8F5-0C775C2246CC}"
EndProject
Global
	GlobalSection(SolutionConfigurationPlatforms) = preSolution
		Debug|Any CPU = Debug|Any CPU
		Release|Any CPU = Release|Any CPU
	EndGlobalSection
	GlobalSection(ProjectConfigurationPlatforms) = postSolution
		{0207E092-AD55-4F96-B8BF-D456416038D5}.Debug|Any CPU.ActiveCfg = Debug|Any CPU
		{0207E092-AD55-4F96-B8BF-D456416038D5}.Debug|Any CPU.Build.0 = Debug|Any CPU
		{0207E092-AD55-4F96-B8BF-D456416038D5}.Release|Any CPU.ActiveCfg = Release|Any CPU
		{0207E092-AD55-4F96-B8BF-D456416038D5}.Release|Any CPU.Build.0 = Release|Any CPU
		{1A7BAB10-27FD-4320-B8F5-0C775C2246CC}.Debug|Any CPU.ActiveCfg = Debug|Any CPU
		{1A7BAB10-27FD-4320-B8F5-0C775C2246CC}.Debug|Any CPU.Build.0 = Debug|Any CPU
		{1A7BAB10-27FD-4320-B8F5-0C775C2246CC}.Release|Any CPU.ActiveCfg = Release|Any CPU
		{1A7BAB10-27FD-4320-B8F5-0C775C2246CC}.Release|Any CPU.Build.0 = Release|Any CPU
	EndGlobalSection
	GlobalSection(SolutionProperties) = preSolution
		HideSolutionNode = FALSE
	EndGlobalSection
	GlobalSection(ExtensibilityGlobals) = postSolution
		SolutionGuid = {30B017AA-9471-422A-8E3C-945E2882FDDE}
	EndGlobalSection
EndGlobal
